<?xml version="1.0" encoding="utf-8"?>
<Project ToolsVersion="4.0" xmlns="http://schemas.microsoft.com/developer/msbuild/2003">
  <ItemGroup>
    <ClCompile Include="KitLogger-Test01-General.cpp" />
    <ClCompile Include="..\common\CustomBlock.cpp">
      <Filter>common</Filter>
    </ClCompile>
    <ClCompile Include="..\common\CustomLogger.cpp">
      <Filter>common</Filter>
    </ClCompile>
    <ClCompile Include="..\common\CustomLogListener.cpp">
      <Filter>common</Filter>
    </ClCompile>
  </ItemGroup>
  <ItemGroup>
    <ClInclude Include="..\common\CustomBlock.h">
      <Filter>common</Filter>
    </ClInclude>
    <ClInclude Include="..\common\CustomLogger.h">
      <Filter>common</Filter>
    </ClInclude>
    <ClInclude Include="..\common\CustomLogListener.h">
      <Filter>common</Filter>
    </ClInclude>
  </ItemGroup>
  <ItemGroup>
    <Filter Include="common">
      <UniqueIdentifier>{4a842062-25db-49b3-bdfd-5419cafe88d9}</UniqueIdentifier>
    </Filter>
  </ItemGroup>
</Project>